
Microsoft Visual Studio Solution File, Format Version 12.00
# Visual Studio 15
VisualStudioVersion = 15.0.27703.2018
MinimumVisualStudioVersion = 10.0.40219.1
Project("{FAE04EC0-301F-11D3-BF4B-00C04F79EFBC}") = "ProductionApp", "ProductionApp\ProductionApp.csproj", "{FF65716B-7C67-49DB-82D8-D34B3E683AD9}"
EndProject
Global
	GlobalSection(SolutionConfigurationPlatforms) = preSolution
		Debug|ARM = Debug|ARM
		Debug|x64 = Debug|x64
		Debug|x86 = Debug|x86
		Release|ARM = Release|ARM
		Release|x64 = Release|x64
		Release|x86 = Release|x86
	EndGlobalSection
	GlobalSection(ProjectConfigurationPlatforms) = postSolution
		{FF65716B-7C67-49DB-82D8-D34B3E683AD9}.Debug|ARM.ActiveCfg = Debug|ARM
		{FF65716B-7C67-49DB-82D8-D34B3E683AD9}.Debug|ARM.Build.0 = Debug|ARM
		{FF65716B-7C67-49DB-82D8-D34B3E683AD9}.Debug|ARM.Deploy.0 = Debug|ARM
		{FF65716B-7C67-49DB-82D8-D34B3E683AD9}.Debug|x64.ActiveCfg = Debug|x64
		{FF65716B-7C67-49DB-82D8-D34B3E683AD9}.Debug|x64.Build.0 = Debug|x64
		{FF65716B-7C67-49DB-82D8-D34B3E683AD9}.Debug|x64.Deploy.0 = Debug|x64
		{FF65716B-7C67-49DB-82D8-D34B3E683AD9}.Debug|x86.ActiveCfg = Debug|x86
		{FF65716B-7C67-49DB-82D8-D34B3E683AD9}.Debug|x86.Build.0 = Debug|x86
		{FF65716B-7C67-49DB-82D8-D34B3E683AD9}.Debug|x86.Deploy.0 = Debug|x86
		{FF65716B-7C67-49DB-82D8-D34B3E683AD9}.Release|ARM.ActiveCfg = Release|ARM
		{FF65716B-7C67-49DB-82D8-D34B3E683AD9}.Release|ARM.Build.0 = Release|ARM
		{FF65716B-7C67-49DB-82D8-D34B3E683AD9}.Release|ARM.Deploy.0 = Release|ARM
		{FF65716B-7C67-49DB-82D8-D34B3E683AD9}.Release|x64.ActiveCfg = Release|x64
		{FF65716B-7C67-49DB-82D8-D34B3E683AD9}.Release|x64.Build.0 = Release|x64
		{FF65716B-7C67-49DB-82D8-D34B3E683AD9}.Release|x64.Deploy.0 = Release|x64
		{FF65716B-7C67-49DB-82D8-D34B3E683AD9}.Release|x86.ActiveCfg = Release|x86
		{FF65716B-7C67-49DB-82D8-D34B3E683AD9}.Release|x86.Build.0 = Release|x86
		{FF65716B-7C67-49DB-82D8-D34B3E683AD9}.Release|x86.Deploy.0 = Release|x86
	EndGlobalSection
	GlobalSection(SolutionProperties) = preSolution
		HideSolutionNode = FALSE
	EndGlobalSection
	GlobalSection(ExtensibilityGlobals) = postSolution
		SolutionGuid = {7E450F6F-4ED4-403A-8057-CB6922D4F98A}
	EndGlobalSection
EndGlobal
